
Microsoft Visual Studio Solution File, Format Version 12.00
# Visual Studio Version 16
VisualStudioVersion = 16.0.28803.202
MinimumVisualStudioVersion = 10.0.40219.1
Project("{9A19103F-16F7-4668-BE54-9A1E7A4F7556}") = "TarOh", "TarOh\TarOh.csproj", "{EF7408D5-6AC6-4E7E-BA5F-AE011FB57EE1}"
EndProject
Global
	GlobalSection(SolutionConfigurationPlatforms) = preSolution
		Debug|Any CPU = Debug|Any CPU
		Release|Any CPU = Release|Any CPU
	EndGlobalSection
	GlobalSection(ProjectConfigurationPlatforms) = postSolution
		{EF7408D5-6AC6-4E7E-BA5F-AE011FB57EE1}.Debug|Any CPU.ActiveCfg = Debug|Any CPU
		{EF7408D5-6AC6-4E7E-BA5F-AE011FB57EE1}.Debug|Any CPU.Build.0 = Debug|Any CPU
		{EF7408D5-6AC6-4E7E-BA5F-AE011FB57EE1}.Release|Any CPU.ActiveCfg = Release|Any CPU
		{EF7408D5-6AC6-4E7E-BA5F-AE011FB57EE1}.Release|Any CPU.Build.0 = Release|Any CPU
	EndGlobalSection
	GlobalSection(SolutionProperties) = preSolution
		HideSolutionNode = FALSE
	EndGlobalSection
	GlobalSection(ExtensibilityGlobals) = postSolution
		SolutionGuid = {885DECBE-EEAB-4E05-AB91-4F86F3FE6132}
	EndGlobalSection
EndGlobal
